
Microsoft Visual Studio Solution File, Format Version 12.00
# Visual Studio Version 16
VisualStudioVersion = 16.0.28729.10
MinimumVisualStudioVersion = 10.0.40219.1
Project("{9A19103F-16F7-4668-BE54-9A1E7A4F7556}") = "MrCMS.Web", "src\MrCMS.Web\MrCMS.Web.csproj", "{08D11A7D-9C15-4A4E-A1B2-9EA7F9F765C7}"
EndProject
Project("{2150E333-8FDC-42A3-9474-1A3956D46DE8}") = "src", "src", "{780885FB-74E6-4E2A-B114-C903F03C8521}"
EndProject
Project("{2150E333-8FDC-42A3-9474-1A3956D46DE8}") = "test", "test", "{6BAB637B-D391-461B-A6BB-519705A1A224}"
EndProject
Project("{2150E333-8FDC-42A3-9474-1A3956D46DE8}") = "Apps", "Apps", "{C9C714DC-1D4C-4402-BAD6-58AEDF7DFB67}"
EndProject
Project("{2150E333-8FDC-42A3-9474-1A3956D46DE8}") = "Lib", "Lib", "{26E32284-AE02-41E6-9D91-EE2E14032DDA}"
EndProject
Project("{2150E333-8FDC-42A3-9474-1A3956D46DE8}") = "Themes", "Themes", "{A6FB3857-768A-46F2-9DB6-F3F6012CF17D}"
EndProject
Project("{2150E333-8FDC-42A3-9474-1A3956D46DE8}") = "Lib", "Lib", "{DA82127C-FA78-4708-997A-0F1EF2C73F3E}"
EndProject
Project("{9A19103F-16F7-4668-BE54-9A1E7A4F7556}") = "MrCMS.Web.Apps.Core", "src\Apps\MrCMS.Web.Apps.Core\MrCMS.Web.Apps.Core.csproj", "{9F0B8B46-F04A-4C05-87E0-D69B097EFE5A}"
EndProject
Project("{9A19103F-16F7-4668-BE54-9A1E7A4F7556}") = "MrCMS", "src\Lib\MrCMS\MrCMS.csproj", "{C25AA109-9A08-4007-9C00-205B386C2B40}"
EndProject
Project("{9A19103F-16F7-4668-BE54-9A1E7A4F7556}") = "MrCMS.Web.Admin.Infrastructure", "src\Lib\MrCMS.Web.Admin.Infrastructure\MrCMS.Web.Admin.Infrastructure.csproj", "{4A188272-35D7-4D59-AE66-5E8E3341856E}"
EndProject
Project("{9A19103F-16F7-4668-BE54-9A1E7A4F7556}") = "MrCMS.Themes.Red", "src\Themes\MrCMS.Themes.Red\MrCMS.Themes.Red.csproj", "{78111DAA-0E42-4324-90C0-D658EFC6481E}"
EndProject
Project("{9A19103F-16F7-4668-BE54-9A1E7A4F7556}") = "MrCMS.Tests", "test\Lib\MrCMS.Tests\MrCMS.Tests.csproj", "{5C1D9D74-C508-4FEB-98E3-0A0CEC816212}"
EndProject
Project("{9A19103F-16F7-4668-BE54-9A1E7A4F7556}") = "MrCMS.TestSupport", "test\Lib\MrCMS.TestSupport\MrCMS.TestSupport.csproj", "{00A97EBA-A35B-4BCA-8719-3995E08F8E5C}"
EndProject
Project("{9A19103F-16F7-4668-BE54-9A1E7A4F7556}") = "MrCMS.Web.Admin.Tests", "test\Lib\MrCMS.Web.Admin.Tests\MrCMS.Web.Admin.Tests.csproj", "{C616A9A0-709A-4252-88AC-374648BFA4B4}"
EndProject
Project("{9A19103F-16F7-4668-BE54-9A1E7A4F7556}") = "MrCMS.Web.Integration.Tests", "test\Lib\MrCMS.Web.Integration.Tests\MrCMS.Web.Integration.Tests.csproj", "{B1CB15CB-9E14-4C39-BBEF-3C979615C736}"
EndProject
Project("{2150E333-8FDC-42A3-9474-1A3956D46DE8}") = "Solution Items", "Solution Items", "{A92782C4-E607-4CA7-B52C-043646CE2DFC}"
	ProjectSection(SolutionItems) = preProject
		.gitignore = .gitignore
		appveyor.yml = appveyor.yml
	EndProjectSection
EndProject
Project("{2150E333-8FDC-42A3-9474-1A3956D46DE8}") = "docs", "docs", "{EB06600E-F8DF-4FA1-8D0D-98BAA2E761AE}"
	ProjectSection(SolutionItems) = preProject
		docs\README.md = docs\README.md
		docs\TimeZoneInfo.md = docs\TimeZoneInfo.md
	EndProjectSection
EndProject
Project("{9A19103F-16F7-4668-BE54-9A1E7A4F7556}") = "MrCMS.Web.Admin", "src\Lib\MrCMS.Web.Admin\MrCMS.Web.Admin.csproj", "{8E83ED2E-049A-4F58-A616-C51E0429EE04}"
EndProject
Project("{9A19103F-16F7-4668-BE54-9A1E7A4F7556}") = "MrCMS.Web.Apps.Articles", "src\Apps\MrCMS.Web.Apps.Articles\MrCMS.Web.Apps.Articles.csproj", "{5BDC4F1E-0BAA-47E4-8E40-E65EA29932A3}"
EndProject
Global
	GlobalSection(SolutionConfigurationPlatforms) = preSolution
		Debug|Any CPU = Debug|Any CPU
		Release|Any CPU = Release|Any CPU
	EndGlobalSection
	GlobalSection(ProjectConfigurationPlatforms) = postSolution
		{08D11A7D-9C15-4A4E-A1B2-9EA7F9F765C7}.Debug|Any CPU.ActiveCfg = Debug|Any CPU
		{08D11A7D-9C15-4A4E-A1B2-9EA7F9F765C7}.Debug|Any CPU.Build.0 = Debug|Any CPU
		{08D11A7D-9C15-4A4E-A1B2-9EA7F9F765C7}.Release|Any CPU.ActiveCfg = Release|Any CPU
		{08D11A7D-9C15-4A4E-A1B2-9EA7F9F765C7}.Release|Any CPU.Build.0 = Release|Any CPU
		{9F0B8B46-F04A-4C05-87E0-D69B097EFE5A}.Debug|Any CPU.ActiveCfg = Debug|Any CPU
		{9F0B8B46-F04A-4C05-87E0-D69B097EFE5A}.Debug|Any CPU.Build.0 = Debug|Any CPU
		{9F0B8B46-F04A-4C05-87E0-D69B097EFE5A}.Release|Any CPU.ActiveCfg = Release|Any CPU
		{9F0B8B46-F04A-4C05-87E0-D69B097EFE5A}.Release|Any CPU.Build.0 = Release|Any CPU
		{C25AA109-9A08-4007-9C00-205B386C2B40}.Debug|Any CPU.ActiveCfg = Debug|Any CPU
		{C25AA109-9A08-4007-9C00-205B386C2B40}.Debug|Any CPU.Build.0 = Debug|Any CPU
		{C25AA109-9A08-4007-9C00-205B386C2B40}.Release|Any CPU.ActiveCfg = Release|Any CPU
		{C25AA109-9A08-4007-9C00-205B386C2B40}.Release|Any CPU.Build.0 = Release|Any CPU
		{4A188272-35D7-4D59-AE66-5E8E3341856E}.Debug|Any CPU.ActiveCfg = Debug|Any CPU
		{4A188272-35D7-4D59-AE66-5E8E3341856E}.Debug|Any CPU.Build.0 = Debug|Any CPU
		{4A188272-35D7-4D59-AE66-5E8E3341856E}.Release|Any CPU.ActiveCfg = Release|Any CPU
		{4A188272-35D7-4D59-AE66-5E8E3341856E}.Release|Any CPU.Build.0 = Release|Any CPU
		{78111DAA-0E42-4324-90C0-D658EFC6481E}.Debug|Any CPU.ActiveCfg = Debug|Any CPU
		{78111DAA-0E42-4324-90C0-D658EFC6481E}.Debug|Any CPU.Build.0 = Debug|Any CPU
		{78111DAA-0E42-4324-90C0-D658EFC6481E}.Release|Any CPU.ActiveCfg = Release|Any CPU
		{78111DAA-0E42-4324-90C0-D658EFC6481E}.Release|Any CPU.Build.0 = Release|Any CPU
		{5C1D9D74-C508-4FEB-98E3-0A0CEC816212}.Debug|Any CPU.ActiveCfg = Debug|Any CPU
		{5C1D9D74-C508-4FEB-98E3-0A0CEC816212}.Debug|Any CPU.Build.0 = Debug|Any CPU
		{5C1D9D74-C508-4FEB-98E3-0A0CEC816212}.Release|Any CPU.ActiveCfg = Release|Any CPU
		{5C1D9D74-C508-4FEB-98E3-0A0CEC816212}.Release|Any CPU.Build.0 = Release|Any CPU
		{00A97EBA-A35B-4BCA-8719-3995E08F8E5C}.Debug|Any CPU.ActiveCfg = Debug|Any CPU
		{00A97EBA-A35B-4BCA-8719-3995E08F8E5C}.Debug|Any CPU.Build.0 = Debug|Any CPU
		{00A97EBA-A35B-4BCA-8719-3995E08F8E5C}.Release|Any CPU.ActiveCfg = Release|Any CPU
		{00A97EBA-A35B-4BCA-8719-3995E08F8E5C}.Release|Any CPU.Build.0 = Release|Any CPU
		{C616A9A0-709A-4252-88AC-374648BFA4B4}.Debug|Any CPU.ActiveCfg = Debug|Any CPU
		{C616A9A0-709A-4252-88AC-374648BFA4B4}.Debug|Any CPU.Build.0 = Debug|Any CPU
		{C616A9A0-709A-4252-88AC-374648BFA4B4}.Release|Any CPU.ActiveCfg = Release|Any CPU
		{C616A9A0-709A-4252-88AC-374648BFA4B4}.Release|Any CPU.Build.0 = Release|Any CPU
		{B1CB15CB-9E14-4C39-BBEF-3C979615C736}.Debug|Any CPU.ActiveCfg = Debug|Any CPU
		{B1CB15CB-9E14-4C39-BBEF-3C979615C736}.Debug|Any CPU.Build.0 = Debug|Any CPU
		{B1CB15CB-9E14-4C39-BBEF-3C979615C736}.Release|Any CPU.ActiveCfg = Release|Any CPU
		{B1CB15CB-9E14-4C39-BBEF-3C979615C736}.Release|Any CPU.Build.0 = Release|Any CPU
		{8E83ED2E-049A-4F58-A616-C51E0429EE04}.Debug|Any CPU.ActiveCfg = Debug|Any CPU
		{8E83ED2E-049A-4F58-A616-C51E0429EE04}.Debug|Any CPU.Build.0 = Debug|Any CPU
		{8E83ED2E-049A-4F58-A616-C51E0429EE04}.Release|Any CPU.ActiveCfg = Release|Any CPU
		{8E83ED2E-049A-4F58-A616-C51E0429EE04}.Release|Any CPU.Build.0 = Release|Any CPU
		{5BDC4F1E-0BAA-47E4-8E40-E65EA29932A3}.Debug|Any CPU.ActiveCfg = Debug|Any CPU
		{5BDC4F1E-0BAA-47E4-8E40-E65EA29932A3}.Debug|Any CPU.Build.0 = Debug|Any CPU
		{5BDC4F1E-0BAA-47E4-8E40-E65EA29932A3}.Release|Any CPU.ActiveCfg = Release|Any CPU
		{5BDC4F1E-0BAA-47E4-8E40-E65EA29932A3}.Release|Any CPU.Build.0 = Release|Any CPU
	EndGlobalSection
	GlobalSection(SolutionProperties) = preSolution
		HideSolutionNode = FALSE
	EndGlobalSection
	GlobalSection(NestedProjects) = preSolution
		{08D11A7D-9C15-4A4E-A1B2-9EA7F9F765C7} = {780885FB-74E6-4E2A-B114-C903F03C8521}
		{C9C714DC-1D4C-4402-BAD6-58AEDF7DFB67} = {780885FB-74E6-4E2A-B114-C903F03C8521}
		{26E32284-AE02-41E6-9D91-EE2E14032DDA} = {780885FB-74E6-4E2A-B114-C903F03C8521}
		{A6FB3857-768A-46F2-9DB6-F3F6012CF17D} = {780885FB-74E6-4E2A-B114-C903F03C8521}
		{DA82127C-FA78-4708-997A-0F1EF2C73F3E} = {6BAB637B-D391-461B-A6BB-519705A1A224}
		{9F0B8B46-F04A-4C05-87E0-D69B097EFE5A} = {C9C714DC-1D4C-4402-BAD6-58AEDF7DFB67}
		{78111DAA-0E42-4324-90C0-D658EFC6481E} = {A6FB3857-768A-46F2-9DB6-F3F6012CF17D}
		{5C1D9D74-C508-4FEB-98E3-0A0CEC816212} = {DA82127C-FA78-4708-997A-0F1EF2C73F3E}
		{00A97EBA-A35B-4BCA-8719-3995E08F8E5C} = {DA82127C-FA78-4708-997A-0F1EF2C73F3E}
		{C616A9A0-709A-4252-88AC-374648BFA4B4} = {DA82127C-FA78-4708-997A-0F1EF2C73F3E}
		{B1CB15CB-9E14-4C39-BBEF-3C979615C736} = {DA82127C-FA78-4708-997A-0F1EF2C73F3E}
		{5BDC4F1E-0BAA-47E4-8E40-E65EA29932A3} = {C9C714DC-1D4C-4402-BAD6-58AEDF7DFB67}
		{8E83ED2E-049A-4F58-A616-C51E0429EE04} = {780885FB-74E6-4E2A-B114-C903F03C8521}
		{4A188272-35D7-4D59-AE66-5E8E3341856E} = {780885FB-74E6-4E2A-B114-C903F03C8521}
		{C25AA109-9A08-4007-9C00-205B386C2B40} = {780885FB-74E6-4E2A-B114-C903F03C8521}
	EndGlobalSection
	GlobalSection(ExtensibilityGlobals) = postSolution
		SolutionGuid = {8E81A954-DE9B-49F5-BA40-EE5E535D5164}
	EndGlobalSection
EndGlobal
